
Microsoft Visual Studio Solution File, Format Version 11.00
# Visual Studio 2010
Project("{FAE04EC0-301F-11D3-BF4B-00C04F79EFBC}") = "TopCoder.DataDownload", "TopCoder.DataDownload\TopCoder.DataDownload.csproj", "{C9F2FD0F-95BF-40F5-964E-DBA12C9D6447}"
EndProject
Project("{FAE04EC0-301F-11D3-BF4B-00C04F79EFBC}") = "TopCoder.Analysis.Web", "TopCoder.Analysis.Web\TopCoder.Analysis.Web.csproj", "{16E2B4CD-91F2-477F-874B-CD4FA115FA35}"
EndProject
Project("{FAE04EC0-301F-11D3-BF4B-00C04F79EFBC}") = "TopCoder.Analysis.Data", "TopCoder.Analysis.Data\TopCoder.Analysis.Data.csproj", "{6EDFAAF5-5115-4381-AE84-86F1B91F91AD}"
EndProject
Project("{2150E333-8FDC-42A3-9474-1A3956D46DE8}") = "Tools", "Tools", "{A8F12F47-3A34-4A37-BF8D-3A86D90A13A2}"
EndProject
Project("{2150E333-8FDC-42A3-9474-1A3956D46DE8}") = "Tests", "Tests", "{9464652F-BD5C-4B01-9166-16E62CCA405E}"
EndProject
Project("{2150E333-8FDC-42A3-9474-1A3956D46DE8}") = "Tools", "Tools", "{03A40126-696C-45D7-9270-BDA384401034}"
EndProject
Project("{FAE04EC0-301F-11D3-BF4B-00C04F79EFBC}") = "TopCoder.Tools.EloRunner.Tests", "Tests\TopCoder.Tools.EloRunner.Tests\TopCoder.Tools.EloRunner.Tests.csproj", "{A1373BCD-86C7-419F-9DF9-BDD39E332D04}"
EndProject
Project("{FAE04EC0-301F-11D3-BF4B-00C04F79EFBC}") = "TopCoder.Tools.TcAlgorithmRunner", "TopCoder.Tools.TcAlgorithmRunner\TopCoder.Tools.TcAlgorithmRunner.csproj", "{47A0A84E-BA7A-44B4-B2AB-3C3A86E8581B}"
EndProject
Project("{FAE04EC0-301F-11D3-BF4B-00C04F79EFBC}") = "TopCoder.Tools.EloRunner", "TopCoder.Tools.EloRunner\TopCoder.Tools.EloRunner.csproj", "{D99C7D7E-04F1-456D-AFFF-3EC5354BEE42}"
EndProject
Global
	GlobalSection(SolutionConfigurationPlatforms) = preSolution
		Debug|Any CPU = Debug|Any CPU
		Debug|Mixed Platforms = Debug|Mixed Platforms
		Debug|x86 = Debug|x86
		Release|Any CPU = Release|Any CPU
		Release|Mixed Platforms = Release|Mixed Platforms
		Release|x86 = Release|x86
	EndGlobalSection
	GlobalSection(ProjectConfigurationPlatforms) = postSolution
		{C9F2FD0F-95BF-40F5-964E-DBA12C9D6447}.Debug|Any CPU.ActiveCfg = Debug|x86
		{C9F2FD0F-95BF-40F5-964E-DBA12C9D6447}.Debug|Mixed Platforms.ActiveCfg = Debug|x86
		{C9F2FD0F-95BF-40F5-964E-DBA12C9D6447}.Debug|Mixed Platforms.Build.0 = Debug|x86
		{C9F2FD0F-95BF-40F5-964E-DBA12C9D6447}.Debug|x86.ActiveCfg = Debug|x86
		{C9F2FD0F-95BF-40F5-964E-DBA12C9D6447}.Debug|x86.Build.0 = Debug|x86
		{C9F2FD0F-95BF-40F5-964E-DBA12C9D6447}.Release|Any CPU.ActiveCfg = Release|x86
		{C9F2FD0F-95BF-40F5-964E-DBA12C9D6447}.Release|Mixed Platforms.ActiveCfg = Release|x86
		{C9F2FD0F-95BF-40F5-964E-DBA12C9D6447}.Release|Mixed Platforms.Build.0 = Release|x86
		{C9F2FD0F-95BF-40F5-964E-DBA12C9D6447}.Release|x86.ActiveCfg = Release|x86
		{C9F2FD0F-95BF-40F5-964E-DBA12C9D6447}.Release|x86.Build.0 = Release|x86
		{16E2B4CD-91F2-477F-874B-CD4FA115FA35}.Debug|Any CPU.ActiveCfg = Debug|Any CPU
		{16E2B4CD-91F2-477F-874B-CD4FA115FA35}.Debug|Any CPU.Build.0 = Debug|Any CPU
		{16E2B4CD-91F2-477F-874B-CD4FA115FA35}.Debug|Mixed Platforms.ActiveCfg = Debug|Any CPU
		{16E2B4CD-91F2-477F-874B-CD4FA115FA35}.Debug|Mixed Platforms.Build.0 = Debug|Any CPU
		{16E2B4CD-91F2-477F-874B-CD4FA115FA35}.Debug|x86.ActiveCfg = Debug|Any CPU
		{16E2B4CD-91F2-477F-874B-CD4FA115FA35}.Release|Any CPU.ActiveCfg = Release|Any CPU
		{16E2B4CD-91F2-477F-874B-CD4FA115FA35}.Release|Any CPU.Build.0 = Release|Any CPU
		{16E2B4CD-91F2-477F-874B-CD4FA115FA35}.Release|Mixed Platforms.ActiveCfg = Release|Any CPU
		{16E2B4CD-91F2-477F-874B-CD4FA115FA35}.Release|Mixed Platforms.Build.0 = Release|Any CPU
		{16E2B4CD-91F2-477F-874B-CD4FA115FA35}.Release|x86.ActiveCfg = Release|Any CPU
		{6EDFAAF5-5115-4381-AE84-86F1B91F91AD}.Debug|Any CPU.ActiveCfg = Debug|Any CPU
		{6EDFAAF5-5115-4381-AE84-86F1B91F91AD}.Debug|Any CPU.Build.0 = Debug|Any CPU
		{6EDFAAF5-5115-4381-AE84-86F1B91F91AD}.Debug|Mixed Platforms.ActiveCfg = Debug|Any CPU
		{6EDFAAF5-5115-4381-AE84-86F1B91F91AD}.Debug|Mixed Platforms.Build.0 = Debug|Any CPU
		{6EDFAAF5-5115-4381-AE84-86F1B91F91AD}.Debug|x86.ActiveCfg = Debug|Any CPU
		{6EDFAAF5-5115-4381-AE84-86F1B91F91AD}.Release|Any CPU.ActiveCfg = Release|Any CPU
		{6EDFAAF5-5115-4381-AE84-86F1B91F91AD}.Release|Any CPU.Build.0 = Release|Any CPU
		{6EDFAAF5-5115-4381-AE84-86F1B91F91AD}.Release|Mixed Platforms.ActiveCfg = Release|Any CPU
		{6EDFAAF5-5115-4381-AE84-86F1B91F91AD}.Release|Mixed Platforms.Build.0 = Release|Any CPU
		{6EDFAAF5-5115-4381-AE84-86F1B91F91AD}.Release|x86.ActiveCfg = Release|Any CPU
		{A1373BCD-86C7-419F-9DF9-BDD39E332D04}.Debug|Any CPU.ActiveCfg = Debug|x86
		{A1373BCD-86C7-419F-9DF9-BDD39E332D04}.Debug|Mixed Platforms.ActiveCfg = Debug|x86
		{A1373BCD-86C7-419F-9DF9-BDD39E332D04}.Debug|Mixed Platforms.Build.0 = Debug|x86
		{A1373BCD-86C7-419F-9DF9-BDD39E332D04}.Debug|x86.ActiveCfg = Debug|x86
		{A1373BCD-86C7-419F-9DF9-BDD39E332D04}.Debug|x86.Build.0 = Debug|x86
		{A1373BCD-86C7-419F-9DF9-BDD39E332D04}.Release|Any CPU.ActiveCfg = Release|x86
		{A1373BCD-86C7-419F-9DF9-BDD39E332D04}.Release|Mixed Platforms.ActiveCfg = Release|x86
		{A1373BCD-86C7-419F-9DF9-BDD39E332D04}.Release|Mixed Platforms.Build.0 = Release|x86
		{A1373BCD-86C7-419F-9DF9-BDD39E332D04}.Release|x86.ActiveCfg = Release|x86
		{A1373BCD-86C7-419F-9DF9-BDD39E332D04}.Release|x86.Build.0 = Release|x86
		{47A0A84E-BA7A-44B4-B2AB-3C3A86E8581B}.Debug|Any CPU.ActiveCfg = Debug|x86
		{47A0A84E-BA7A-44B4-B2AB-3C3A86E8581B}.Debug|Mixed Platforms.ActiveCfg = Debug|x86
		{47A0A84E-BA7A-44B4-B2AB-3C3A86E8581B}.Debug|Mixed Platforms.Build.0 = Debug|x86
		{47A0A84E-BA7A-44B4-B2AB-3C3A86E8581B}.Debug|x86.ActiveCfg = Debug|x86
		{47A0A84E-BA7A-44B4-B2AB-3C3A86E8581B}.Debug|x86.Build.0 = Debug|x86
		{47A0A84E-BA7A-44B4-B2AB-3C3A86E8581B}.Release|Any CPU.ActiveCfg = Release|x86
		{47A0A84E-BA7A-44B4-B2AB-3C3A86E8581B}.Release|Mixed Platforms.ActiveCfg = Release|x86
		{47A0A84E-BA7A-44B4-B2AB-3C3A86E8581B}.Release|Mixed Platforms.Build.0 = Release|x86
		{47A0A84E-BA7A-44B4-B2AB-3C3A86E8581B}.Release|x86.ActiveCfg = Release|x86
		{47A0A84E-BA7A-44B4-B2AB-3C3A86E8581B}.Release|x86.Build.0 = Release|x86
		{D99C7D7E-04F1-456D-AFFF-3EC5354BEE42}.Debug|Any CPU.ActiveCfg = Debug|x86
		{D99C7D7E-04F1-456D-AFFF-3EC5354BEE42}.Debug|Mixed Platforms.ActiveCfg = Debug|x86
		{D99C7D7E-04F1-456D-AFFF-3EC5354BEE42}.Debug|Mixed Platforms.Build.0 = Debug|x86
		{D99C7D7E-04F1-456D-AFFF-3EC5354BEE42}.Debug|x86.ActiveCfg = Debug|x86
		{D99C7D7E-04F1-456D-AFFF-3EC5354BEE42}.Debug|x86.Build.0 = Debug|x86
		{D99C7D7E-04F1-456D-AFFF-3EC5354BEE42}.Release|Any CPU.ActiveCfg = Release|x86
		{D99C7D7E-04F1-456D-AFFF-3EC5354BEE42}.Release|Mixed Platforms.ActiveCfg = Release|x86
		{D99C7D7E-04F1-456D-AFFF-3EC5354BEE42}.Release|Mixed Platforms.Build.0 = Release|x86
		{D99C7D7E-04F1-456D-AFFF-3EC5354BEE42}.Release|x86.ActiveCfg = Release|x86
		{D99C7D7E-04F1-456D-AFFF-3EC5354BEE42}.Release|x86.Build.0 = Release|x86
	EndGlobalSection
	GlobalSection(SolutionProperties) = preSolution
		HideSolutionNode = FALSE
	EndGlobalSection
	GlobalSection(NestedProjects) = preSolution
		{C9F2FD0F-95BF-40F5-964E-DBA12C9D6447} = {A8F12F47-3A34-4A37-BF8D-3A86D90A13A2}
		{47A0A84E-BA7A-44B4-B2AB-3C3A86E8581B} = {A8F12F47-3A34-4A37-BF8D-3A86D90A13A2}
		{D99C7D7E-04F1-456D-AFFF-3EC5354BEE42} = {A8F12F47-3A34-4A37-BF8D-3A86D90A13A2}
		{03A40126-696C-45D7-9270-BDA384401034} = {9464652F-BD5C-4B01-9166-16E62CCA405E}
		{A1373BCD-86C7-419F-9DF9-BDD39E332D04} = {03A40126-696C-45D7-9270-BDA384401034}
	EndGlobalSection
EndGlobal
